
Microsoft Visual Studio Solution File, Format Version 12.00
# Visual Studio Version 17
VisualStudioVersion = 17.5.002.0
MinimumVisualStudioVersion = 10.0.40219.1
Project("{9A19103F-16F7-4668-BE54-9A1E7A4F7556}") = "Develop02", "Develop02\Develop02.csproj", "{C110C6DA-3798-404B-9405-A5064E2DCF96}"
EndProject
Project("{9A19103F-16F7-4668-BE54-9A1E7A4F7556}") = "Develop03", "Develop03\Develop03.csproj", "{1B553072-0A25-42C1-AB1E-42B70933E801}"
EndProject
Project("{9A19103F-16F7-4668-BE54-9A1E7A4F7556}") = "Develop04", "Develop04\Develop04.csproj", "{E90F8778-E69E-4D9C-9583-7C6734185C0F}"
EndProject
Project("{9A19103F-16F7-4668-BE54-9A1E7A4F7556}") = "Develop05", "Develop05\Develop05.csproj", "{2782700F-93B6-4511-8706-E72CB3406C81}"
EndProject
Global
	GlobalSection(SolutionConfigurationPlatforms) = preSolution
		Debug|Any CPU = Debug|Any CPU
		Release|Any CPU = Release|Any CPU
	EndGlobalSection
	GlobalSection(ProjectConfigurationPlatforms) = postSolution
		{C110C6DA-3798-404B-9405-A5064E2DCF96}.Debug|Any CPU.ActiveCfg = Debug|Any CPU
		{C110C6DA-3798-404B-9405-A5064E2DCF96}.Debug|Any CPU.Build.0 = Debug|Any CPU
		{C110C6DA-3798-404B-9405-A5064E2DCF96}.Release|Any CPU.ActiveCfg = Release|Any CPU
		{C110C6DA-3798-404B-9405-A5064E2DCF96}.Release|Any CPU.Build.0 = Release|Any CPU
		{1B553072-0A25-42C1-AB1E-42B70933E801}.Debug|Any CPU.ActiveCfg = Debug|Any CPU
		{1B553072-0A25-42C1-AB1E-42B70933E801}.Debug|Any CPU.Build.0 = Debug|Any CPU
		{1B553072-0A25-42C1-AB1E-42B70933E801}.Release|Any CPU.ActiveCfg = Release|Any CPU
		{1B553072-0A25-42C1-AB1E-42B70933E801}.Release|Any CPU.Build.0 = Release|Any CPU
		{E90F8778-E69E-4D9C-9583-7C6734185C0F}.Debug|Any CPU.ActiveCfg = Debug|Any CPU
		{E90F8778-E69E-4D9C-9583-7C6734185C0F}.Debug|Any CPU.Build.0 = Debug|Any CPU
		{E90F8778-E69E-4D9C-9583-7C6734185C0F}.Release|Any CPU.ActiveCfg = Release|Any CPU
		{E90F8778-E69E-4D9C-9583-7C6734185C0F}.Release|Any CPU.Build.0 = Release|Any CPU
		{2782700F-93B6-4511-8706-E72CB3406C81}.Debug|Any CPU.ActiveCfg = Debug|Any CPU
		{2782700F-93B6-4511-8706-E72CB3406C81}.Debug|Any CPU.Build.0 = Debug|Any CPU
		{2782700F-93B6-4511-8706-E72CB3406C81}.Release|Any CPU.ActiveCfg = Release|Any CPU
		{2782700F-93B6-4511-8706-E72CB3406C81}.Release|Any CPU.Build.0 = Release|Any CPU
	EndGlobalSection
	GlobalSection(SolutionProperties) = preSolution
		HideSolutionNode = FALSE
	EndGlobalSection
	GlobalSection(ExtensibilityGlobals) = postSolution
		SolutionGuid = {C19B83E5-0699-4BC5-B7C3-707644307FC8}
	EndGlobalSection
EndGlobal
